// !$*UTF8*$!
{
	archiveVersion = 1;
	classes = {
	};
	objectVersion = 54;
	objects = {

/* Begin PBXBuildFile section */
		1508CF392C231A4100DCE1FA /* CoordinatesFieldTest.swift in Sources */ = {isa = PBXBuildFile; fileRef = 1508CF382C231A4100DCE1FA /* CoordinatesFieldTest.swift */; };
		1547EFCD2C20C00500229365 /* ListFieldTest.swift in Sources */ = {isa = PBXBuildFile; fileRef = 1547EFCC2C20C00500229365 /* ListFieldTest.swift */; };
		154872C52C20A40600038189 /* KhipuLabelTest.swift in Sources */ = {isa = PBXBuildFile; fileRef = 154872C42C20A40600038189 /* KhipuLabelTest.swift */; };
		154872C72C20A7F400038189 /* HintLabelTest.swift in Sources */ = {isa = PBXBuildFile; fileRef = 154872C62C20A7F400038189 /* HintLabelTest.swift */; };
		1583B0282C236AE600B5B9C7 /* FormErrorTest.swift in Sources */ = {isa = PBXBuildFile; fileRef = 1583B0272C236AE600B5B9C7 /* FormErrorTest.swift */; };
		1583B02A2C236FC600B5B9C7 /* OtpFieldTest.swift in Sources */ = {isa = PBXBuildFile; fileRef = 1583B0292C236FC600B5B9C7 /* OtpFieldTest.swift */; };
		15E391622C23873B00EA396E /* SeparatorFieldTest.swift in Sources */ = {isa = PBXBuildFile; fileRef = 15E391612C23873B00EA396E /* SeparatorFieldTest.swift */; };
		15E3917C2C260AF600EA396E /* SimpleTextFieldTest.swift in Sources */ = {isa = PBXBuildFile; fileRef = 15E3917B2C260AF600EA396E /* SimpleTextFieldTest.swift */; };
		15E391812C26177B00EA396E /* RutFieldTest.swift in Sources */ = {isa = PBXBuildFile; fileRef = 15E391802C26177B00EA396E /* RutFieldTest.swift */; };
		15E391832C26209E00EA396E /* ImageChallengeTest.swift in Sources */ = {isa = PBXBuildFile; fileRef = 15E391822C26209E00EA396E /* ImageChallengeTest.swift */; };
		15E4F64C2C2097B4001DA7C9 /* CheckboxFieldTest.swift in Sources */ = {isa = PBXBuildFile; fileRef = 15E4F64B2C2097B4001DA7C9 /* CheckboxFieldTest.swift */; };
		15E4F64E2C2097DF001DA7C9 /* HeaderCheckboxFieldTest.swift in Sources */ = {isa = PBXBuildFile; fileRef = 15E4F64D2C2097DF001DA7C9 /* HeaderCheckboxFieldTest.swift */; };
		15E4F6502C2097F7001DA7C9 /* SwitchFieldTest.swift in Sources */ = {isa = PBXBuildFile; fileRef = 15E4F64F2C2097F7001DA7C9 /* SwitchFieldTest.swift */; };
		264E0D882C20E2DB001C1BB8 /* Pods_KhipuClientIOS_Tests.framework in Frameworks */ = {isa = PBXBuildFile; fileRef = B25A47703EA0D6EF73A46C0B /* Pods_KhipuClientIOS_Tests.framework */; };
		264E0D892C20E2DB001C1BB8 /* Pods_KhipuClientIOS_Tests.framework in Embed Frameworks */ = {isa = PBXBuildFile; fileRef = B25A47703EA0D6EF73A46C0B /* Pods_KhipuClientIOS_Tests.framework */; settings = {ATTRIBUTES = (CodeSignOnCopy, RemoveHeadersOnCopy, ); }; };
		264E0D8B2C20E384001C1BB8 /* ValidationUtilTest.swift in Sources */ = {isa = PBXBuildFile; fileRef = 264E0D862C20DBD1001C1BB8 /* ValidationUtilTest.swift */; };
		264E0D8D2C21C486001C1BB8 /* WarningMessageComponentTest.swift in Sources */ = {isa = PBXBuildFile; fileRef = 264E0D8C2C21C486001C1BB8 /* WarningMessageComponentTest.swift */; };
		264E0D8F2C21C504001C1BB8 /* TimeoutMessageComponentTest.swift in Sources */ = {isa = PBXBuildFile; fileRef = 264E0D8E2C21C504001C1BB8 /* TimeoutMessageComponentTest.swift */; };
		264E0D912C21C541001C1BB8 /* SkeletonHeaderComponentTest.swift in Sources */ = {isa = PBXBuildFile; fileRef = 264E0D902C21C541001C1BB8 /* SkeletonHeaderComponentTest.swift */; };
		264E0D932C21C5B0001C1BB8 /* NavigationBarComponentTest.swift in Sources */ = {isa = PBXBuildFile; fileRef = 264E0D922C21C5B0001C1BB8 /* NavigationBarComponentTest.swift */; };
		264E0D952C21C5C9001C1BB8 /* MustContinueComponentTest.swift in Sources */ = {isa = PBXBuildFile; fileRef = 264E0D942C21C5C8001C1BB8 /* MustContinueComponentTest.swift */; };
		26594A002C21D7F8002D094F /* FormComponentTest.swift in Sources */ = {isa = PBXBuildFile; fileRef = 265949FF2C21D7F8002D094F /* FormComponentTest.swift */; };
		26594A042C21ED7D002D094F /* KhipuTranslatorTest.swift in Sources */ = {isa = PBXBuildFile; fileRef = 26594A032C21ED7D002D094F /* KhipuTranslatorTest.swift */; };
		26594A062C21EF3C002D094F /* KhipuTextFieldStyleTest.swift in Sources */ = {isa = PBXBuildFile; fileRef = 26594A052C21EF3C002D094F /* KhipuTextFieldStyleTest.swift */; };
		26594A082C222093002D094F /* FieldUtilTest.swift in Sources */ = {isa = PBXBuildFile; fileRef = 26594A072C222093002D094F /* FieldUtilTest.swift */; };
		26594A0A2C222E2F002D094F /* ExecuteCodeTest.swift in Sources */ = {isa = PBXBuildFile; fileRef = 26594A092C222E2F002D094F /* ExecuteCodeTest.swift */; };
		26594A0C2C222E83002D094F /* FieldUpdaterTest.swift in Sources */ = {isa = PBXBuildFile; fileRef = 26594A0B2C222E83002D094F /* FieldUpdaterTest.swift */; };
		26594A0E2C222F52002D094F /* DimensTest.swift in Sources */ = {isa = PBXBuildFile; fileRef = 26594A0D2C222F52002D094F /* DimensTest.swift */; };
		26594A102C223171002D094F /* DeviceInfoTest.swift in Sources */ = {isa = PBXBuildFile; fileRef = 26594A0F2C223171002D094F /* DeviceInfoTest.swift */; };
		26594A122C223493002D094F /* CredentialsStorageUtilTest.swift in Sources */ = {isa = PBXBuildFile; fileRef = 26594A112C223493002D094F /* CredentialsStorageUtilTest.swift */; };
		26594A352C26181A002D094F /* SVGImageRendererTest.swift in Sources */ = {isa = PBXBuildFile; fileRef = 26594A342C261819002D094F /* SVGImageRendererTest.swift */; };
		26594A372C261E33002D094F /* SVGImageTest.swift in Sources */ = {isa = PBXBuildFile; fileRef = 26594A362C261E33002D094F /* SVGImageTest.swift */; };
		26594A3A2C2623C0002D094F /* ModalTest.swift in Sources */ = {isa = PBXBuildFile; fileRef = 26594A392C2623C0002D094F /* ModalTest.swift */; };
		26594A3C2C2623D1002D094F /* InactivityModalTest.swift in Sources */ = {isa = PBXBuildFile; fileRef = 26594A3B2C2623D1002D094F /* InactivityModalTest.swift */; };
		4AD82D472C0253FD0065CC37 /* AuthorizationRequestComponentTest.swift in Sources */ = {isa = PBXBuildFile; fileRef = 4AD82D412C0253FD0065CC37 /* AuthorizationRequestComponentTest.swift */; };
		4AD82D482C0253FD0065CC37 /* CopyToClipboardComponentTest.swift in Sources */ = {isa = PBXBuildFile; fileRef = 4AD82D422C0253FD0065CC37 /* CopyToClipboardComponentTest.swift */; };
		4AD82D492C0253FD0065CC37 /* FailureMessageComponentTest.swift in Sources */ = {isa = PBXBuildFile; fileRef = 4AD82D432C0253FD0065CC37 /* FailureMessageComponentTest.swift */; };
		4AD82D4A2C0253FD0065CC37 /* MerchantDialogComponentTest.swift in Sources */ = {isa = PBXBuildFile; fileRef = 4AD82D442C0253FD0065CC37 /* MerchantDialogComponentTest.swift */; };
		4AD82D4E2C0256A70065CC37 /* CustomHeaderUIVIew.swift in Sources */ = {isa = PBXBuildFile; fileRef = 4AD82D4C2C0256A70065CC37 /* CustomHeaderUIVIew.swift */; };
		607FACD61AFB9204008FA782 /* AppDelegate.swift in Sources */ = {isa = PBXBuildFile; fileRef = 607FACD51AFB9204008FA782 /* AppDelegate.swift */; };
		607FACD81AFB9204008FA782 /* ViewController.swift in Sources */ = {isa = PBXBuildFile; fileRef = 607FACD71AFB9204008FA782 /* ViewController.swift */; };
		607FACDD1AFB9204008FA782 /* Images.xcassets in Resources */ = {isa = PBXBuildFile; fileRef = 607FACDC1AFB9204008FA782 /* Images.xcassets */; };
		607FACEC1AFB9204008FA782 /* Tests.swift in Sources */ = {isa = PBXBuildFile; fileRef = 607FACEB1AFB9204008FA782 /* Tests.swift */; };
		7E059F83A1C5E6B5684C3BAA /* Pods_KhipuClientIOS_Example.framework in Frameworks */ = {isa = PBXBuildFile; fileRef = 02A551250C2F71698B7D53AF /* Pods_KhipuClientIOS_Example.framework */; };
		BD0D0E1E2C4200FC000C7121 /* FooterComponentTest.swift in Sources */ = {isa = PBXBuildFile; fileRef = BD0D0E1D2C4200FC000C7121 /* FooterComponentTest.swift */; };
		BD1568F42C3ED05E00B1CA1B /* DetailSectionComponentTest.swift in Sources */ = {isa = PBXBuildFile; fileRef = BD1568F32C3ED05E00B1CA1B /* DetailSectionComponentTest.swift */; };
		BDAE5D802C0A100400B6DDD4 /* ProgressComponentTest.swift in Sources */ = {isa = PBXBuildFile; fileRef = BDAE5D7F2C0A100400B6DDD4 /* ProgressComponentTest.swift */; };
		BDAE5D822C0A10AE00B6DDD4 /* ProgressInfoComponentTest.swift in Sources */ = {isa = PBXBuildFile; fileRef = BDAE5D812C0A10AE00B6DDD4 /* ProgressInfoComponentTest.swift */; };
		BDAE5D842C0A153100B6DDD4 /* SuccessMessageComponentTest.swift in Sources */ = {isa = PBXBuildFile; fileRef = BDAE5D832C0A153100B6DDD4 /* SuccessMessageComponentTest.swift */; };
		BDD4455A2C04D25300098056 /* FormInfoTest.swift in Sources */ = {isa = PBXBuildFile; fileRef = BDD445592C04D25300098056 /* FormInfoTest.swift */; };
		BDD4455C2C04D3B000098056 /* FormPillTest.swift in Sources */ = {isa = PBXBuildFile; fileRef = BDD4455B2C04D3B000098056 /* FormPillTest.swift */; };
		BDD4455E2C04D68500098056 /* FormTitleTest.swift in Sources */ = {isa = PBXBuildFile; fileRef = BDD4455D2C04D68500098056 /* FormTitleTest.swift */; };
		BDD445602C04D89B00098056 /* FormWarningTest.swift in Sources */ = {isa = PBXBuildFile; fileRef = BDD4455F2C04D89B00098056 /* FormWarningTest.swift */; };
		BDD445622C04DD7F00098056 /* HeaderComponentTest.swift in Sources */ = {isa = PBXBuildFile; fileRef = BDD445612C04DD7F00098056 /* HeaderComponentTest.swift */; };
		BDD445642C04F73A00098056 /* MainButtonTest.swift in Sources */ = {isa = PBXBuildFile; fileRef = BDD445632C04F73A00098056 /* MainButtonTest.swift */; };
		BDF2EF822C3C1C88000D3FFA /* RedirectToManualComponentTest.swift in Sources */ = {isa = PBXBuildFile; fileRef = BDF2EF812C3C1C88000D3FFA /* RedirectToManualComponentTest.swift */; };
		C55C20ED2C07CC4B0015A732 /* DashedLineTest.swift in Sources */ = {isa = PBXBuildFile; fileRef = C55C20EC2C07CC4B0015A732 /* DashedLineTest.swift */; };
		C5DB1B062C08C6110061351A /* EndToEndEncryptionTest.swift in Sources */ = {isa = PBXBuildFile; fileRef = C5DB1B052C08C6110061351A /* EndToEndEncryptionTest.swift */; };
/* End PBXBuildFile section */

/* Begin PBXContainerItemProxy section */
		607FACE61AFB9204008FA782 /* PBXContainerItemProxy */ = {
			isa = PBXContainerItemProxy;
			containerPortal = 607FACC81AFB9204008FA782 /* Project object */;
			proxyType = 1;
			remoteGlobalIDString = 607FACCF1AFB9204008FA782;
			remoteInfo = KhipuClientIOS;
		};
/* End PBXContainerItemProxy section */

/* Begin PBXCopyFilesBuildPhase section */
		264E0D8A2C20E2DB001C1BB8 /* Embed Frameworks */ = {
			isa = PBXCopyFilesBuildPhase;
			buildActionMask = 2147483647;
			dstPath = "";
			dstSubfolderSpec = 10;
			files = (
				264E0D892C20E2DB001C1BB8 /* Pods_KhipuClientIOS_Tests.framework in Embed Frameworks */,
			);
			name = "Embed Frameworks";
			runOnlyForDeploymentPostprocessing = 0;
		};
/* End PBXCopyFilesBuildPhase section */

/* Begin PBXFileReference section */
		02A551250C2F71698B7D53AF /* Pods_KhipuClientIOS_Example.framework */ = {isa = PBXFileReference; explicitFileType = wrapper.framework; includeInIndex = 0; path = Pods_KhipuClientIOS_Example.framework; sourceTree = BUILT_PRODUCTS_DIR; };
		05E56BC0EA511A1210CC3A4E /* README.md */ = {isa = PBXFileReference; includeInIndex = 1; lastKnownFileType = net.daringfireball.markdown; name = README.md; path = ../README.md; sourceTree = "<group>"; };
		1508CF382C231A4100DCE1FA /* CoordinatesFieldTest.swift */ = {isa = PBXFileReference; lastKnownFileType = sourcecode.swift; path = CoordinatesFieldTest.swift; sourceTree = "<group>"; };
		1547EFCC2C20C00500229365 /* ListFieldTest.swift */ = {isa = PBXFileReference; lastKnownFileType = sourcecode.swift; path = ListFieldTest.swift; sourceTree = "<group>"; };
		154872C42C20A40600038189 /* KhipuLabelTest.swift */ = {isa = PBXFileReference; lastKnownFileType = sourcecode.swift; path = KhipuLabelTest.swift; sourceTree = "<group>"; };
		154872C62C20A7F400038189 /* HintLabelTest.swift */ = {isa = PBXFileReference; lastKnownFileType = sourcecode.swift; path = HintLabelTest.swift; sourceTree = "<group>"; };
		1583B0272C236AE600B5B9C7 /* FormErrorTest.swift */ = {isa = PBXFileReference; lastKnownFileType = sourcecode.swift; path = FormErrorTest.swift; sourceTree = "<group>"; };
		1583B0292C236FC600B5B9C7 /* OtpFieldTest.swift */ = {isa = PBXFileReference; lastKnownFileType = sourcecode.swift; path = OtpFieldTest.swift; sourceTree = "<group>"; };
		15E391612C23873B00EA396E /* SeparatorFieldTest.swift */ = {isa = PBXFileReference; lastKnownFileType = sourcecode.swift; path = SeparatorFieldTest.swift; sourceTree = "<group>"; };
		15E3917B2C260AF600EA396E /* SimpleTextFieldTest.swift */ = {isa = PBXFileReference; lastKnownFileType = sourcecode.swift; path = SimpleTextFieldTest.swift; sourceTree = "<group>"; };
		15E391802C26177B00EA396E /* RutFieldTest.swift */ = {isa = PBXFileReference; lastKnownFileType = sourcecode.swift; path = RutFieldTest.swift; sourceTree = "<group>"; };
		15E391822C26209E00EA396E /* ImageChallengeTest.swift */ = {isa = PBXFileReference; lastKnownFileType = sourcecode.swift; path = ImageChallengeTest.swift; sourceTree = "<group>"; };
		15E4F64B2C2097B4001DA7C9 /* CheckboxFieldTest.swift */ = {isa = PBXFileReference; lastKnownFileType = sourcecode.swift; path = CheckboxFieldTest.swift; sourceTree = "<group>"; };
		15E4F64D2C2097DF001DA7C9 /* HeaderCheckboxFieldTest.swift */ = {isa = PBXFileReference; lastKnownFileType = sourcecode.swift; path = HeaderCheckboxFieldTest.swift; sourceTree = "<group>"; };
		15E4F64F2C2097F7001DA7C9 /* SwitchFieldTest.swift */ = {isa = PBXFileReference; lastKnownFileType = sourcecode.swift; path = SwitchFieldTest.swift; sourceTree = "<group>"; };
		1C3AEF4D2D347243770F5910 /* Pods-KhipuClientIOS_Example.debug.xcconfig */ = {isa = PBXFileReference; includeInIndex = 1; lastKnownFileType = text.xcconfig; name = "Pods-KhipuClientIOS_Example.debug.xcconfig"; path = "Target Support Files/Pods-KhipuClientIOS_Example/Pods-KhipuClientIOS_Example.debug.xcconfig"; sourceTree = "<group>"; };
		264E0D862C20DBD1001C1BB8 /* ValidationUtilTest.swift */ = {isa = PBXFileReference; lastKnownFileType = sourcecode.swift; path = ValidationUtilTest.swift; sourceTree = "<group>"; };
		264E0D8C2C21C486001C1BB8 /* WarningMessageComponentTest.swift */ = {isa = PBXFileReference; fileEncoding = 4; lastKnownFileType = sourcecode.swift; path = WarningMessageComponentTest.swift; sourceTree = "<group>"; };
		264E0D8E2C21C504001C1BB8 /* TimeoutMessageComponentTest.swift */ = {isa = PBXFileReference; fileEncoding = 4; lastKnownFileType = sourcecode.swift; path = TimeoutMessageComponentTest.swift; sourceTree = "<group>"; };
		264E0D902C21C541001C1BB8 /* SkeletonHeaderComponentTest.swift */ = {isa = PBXFileReference; fileEncoding = 4; lastKnownFileType = sourcecode.swift; path = SkeletonHeaderComponentTest.swift; sourceTree = "<group>"; };
		264E0D922C21C5B0001C1BB8 /* NavigationBarComponentTest.swift */ = {isa = PBXFileReference; fileEncoding = 4; lastKnownFileType = sourcecode.swift; path = NavigationBarComponentTest.swift; sourceTree = "<group>"; };
		264E0D942C21C5C8001C1BB8 /* MustContinueComponentTest.swift */ = {isa = PBXFileReference; fileEncoding = 4; lastKnownFileType = sourcecode.swift; path = MustContinueComponentTest.swift; sourceTree = "<group>"; };
		265949FF2C21D7F8002D094F /* FormComponentTest.swift */ = {isa = PBXFileReference; lastKnownFileType = sourcecode.swift; path = FormComponentTest.swift; sourceTree = "<group>"; };
		26594A032C21ED7D002D094F /* KhipuTranslatorTest.swift */ = {isa = PBXFileReference; lastKnownFileType = sourcecode.swift; path = KhipuTranslatorTest.swift; sourceTree = "<group>"; };
		26594A052C21EF3C002D094F /* KhipuTextFieldStyleTest.swift */ = {isa = PBXFileReference; lastKnownFileType = sourcecode.swift; path = KhipuTextFieldStyleTest.swift; sourceTree = "<group>"; };
		26594A072C222093002D094F /* FieldUtilTest.swift */ = {isa = PBXFileReference; lastKnownFileType = sourcecode.swift; path = FieldUtilTest.swift; sourceTree = "<group>"; };
		26594A092C222E2F002D094F /* ExecuteCodeTest.swift */ = {isa = PBXFileReference; lastKnownFileType = sourcecode.swift; path = ExecuteCodeTest.swift; sourceTree = "<group>"; };
		26594A0B2C222E83002D094F /* FieldUpdaterTest.swift */ = {isa = PBXFileReference; lastKnownFileType = sourcecode.swift; path = FieldUpdaterTest.swift; sourceTree = "<group>"; };
		26594A0D2C222F52002D094F /* DimensTest.swift */ = {isa = PBXFileReference; lastKnownFileType = sourcecode.swift; path = DimensTest.swift; sourceTree = "<group>"; };
		26594A0F2C223171002D094F /* DeviceInfoTest.swift */ = {isa = PBXFileReference; lastKnownFileType = sourcecode.swift; path = DeviceInfoTest.swift; sourceTree = "<group>"; };
		26594A112C223493002D094F /* CredentialsStorageUtilTest.swift */ = {isa = PBXFileReference; lastKnownFileType = sourcecode.swift; path = CredentialsStorageUtilTest.swift; sourceTree = "<group>"; };
		26594A342C261819002D094F /* SVGImageRendererTest.swift */ = {isa = PBXFileReference; lastKnownFileType = sourcecode.swift; path = SVGImageRendererTest.swift; sourceTree = "<group>"; };
		26594A362C261E33002D094F /* SVGImageTest.swift */ = {isa = PBXFileReference; lastKnownFileType = sourcecode.swift; path = SVGImageTest.swift; sourceTree = "<group>"; };
		26594A392C2623C0002D094F /* ModalTest.swift */ = {isa = PBXFileReference; lastKnownFileType = sourcecode.swift; path = ModalTest.swift; sourceTree = "<group>"; };
		26594A3B2C2623D1002D094F /* InactivityModalTest.swift */ = {isa = PBXFileReference; lastKnownFileType = sourcecode.swift; path = InactivityModalTest.swift; sourceTree = "<group>"; };
		29506C8577AD33C3B29C428F /* Pods-KhipuClientIOS_Example.release.xcconfig */ = {isa = PBXFileReference; includeInIndex = 1; lastKnownFileType = text.xcconfig; name = "Pods-KhipuClientIOS_Example.release.xcconfig"; path = "Target Support Files/Pods-KhipuClientIOS_Example/Pods-KhipuClientIOS_Example.release.xcconfig"; sourceTree = "<group>"; };
		4AD82D412C0253FD0065CC37 /* AuthorizationRequestComponentTest.swift */ = {isa = PBXFileReference; fileEncoding = 4; lastKnownFileType = sourcecode.swift; path = AuthorizationRequestComponentTest.swift; sourceTree = "<group>"; };
		4AD82D422C0253FD0065CC37 /* CopyToClipboardComponentTest.swift */ = {isa = PBXFileReference; fileEncoding = 4; lastKnownFileType = sourcecode.swift; path = CopyToClipboardComponentTest.swift; sourceTree = "<group>"; };
		4AD82D432C0253FD0065CC37 /* FailureMessageComponentTest.swift */ = {isa = PBXFileReference; fileEncoding = 4; lastKnownFileType = sourcecode.swift; path = FailureMessageComponentTest.swift; sourceTree = "<group>"; };
		4AD82D442C0253FD0065CC37 /* MerchantDialogComponentTest.swift */ = {isa = PBXFileReference; fileEncoding = 4; lastKnownFileType = sourcecode.swift; path = MerchantDialogComponentTest.swift; sourceTree = "<group>"; };
		4AD82D4C2C0256A70065CC37 /* CustomHeaderUIVIew.swift */ = {isa = PBXFileReference; fileEncoding = 4; lastKnownFileType = sourcecode.swift; path = CustomHeaderUIVIew.swift; sourceTree = "<group>"; };
		5A2884C75050EA9150A4E3E7 /* Pods-KhipuClientIOS_Tests.release.xcconfig */ = {isa = PBXFileReference; includeInIndex = 1; lastKnownFileType = text.xcconfig; name = "Pods-KhipuClientIOS_Tests.release.xcconfig"; path = "Target Support Files/Pods-KhipuClientIOS_Tests/Pods-KhipuClientIOS_Tests.release.xcconfig"; sourceTree = "<group>"; };
		607FACD01AFB9204008FA782 /* KhipuClientIOS_Example.app */ = {isa = PBXFileReference; explicitFileType = wrapper.application; includeInIndex = 0; path = KhipuClientIOS_Example.app; sourceTree = BUILT_PRODUCTS_DIR; };
		607FACD41AFB9204008FA782 /* Info.plist */ = {isa = PBXFileReference; lastKnownFileType = text.plist.xml; path = Info.plist; sourceTree = "<group>"; };
		607FACD51AFB9204008FA782 /* AppDelegate.swift */ = {isa = PBXFileReference; lastKnownFileType = sourcecode.swift; path = AppDelegate.swift; sourceTree = "<group>"; };
		607FACD71AFB9204008FA782 /* ViewController.swift */ = {isa = PBXFileReference; lastKnownFileType = sourcecode.swift; path = ViewController.swift; sourceTree = "<group>"; };
		607FACDC1AFB9204008FA782 /* Images.xcassets */ = {isa = PBXFileReference; lastKnownFileType = folder.assetcatalog; path = Images.xcassets; sourceTree = "<group>"; };
		607FACE51AFB9204008FA782 /* KhipuClientIOS_Tests.xctest */ = {isa = PBXFileReference; explicitFileType = wrapper.cfbundle; includeInIndex = 0; path = KhipuClientIOS_Tests.xctest; sourceTree = BUILT_PRODUCTS_DIR; };
		607FACEA1AFB9204008FA782 /* Info.plist */ = {isa = PBXFileReference; lastKnownFileType = text.plist.xml; path = Info.plist; sourceTree = "<group>"; };
		607FACEB1AFB9204008FA782 /* Tests.swift */ = {isa = PBXFileReference; lastKnownFileType = sourcecode.swift; path = Tests.swift; sourceTree = "<group>"; };
		7E23CC4D2962148772A3CEAA /* Pods-KhipuClientIOS_Tests.debug.xcconfig */ = {isa = PBXFileReference; includeInIndex = 1; lastKnownFileType = text.xcconfig; name = "Pods-KhipuClientIOS_Tests.debug.xcconfig"; path = "Target Support Files/Pods-KhipuClientIOS_Tests/Pods-KhipuClientIOS_Tests.debug.xcconfig"; sourceTree = "<group>"; };
		B25A47703EA0D6EF73A46C0B /* Pods_KhipuClientIOS_Tests.framework */ = {isa = PBXFileReference; explicitFileType = wrapper.framework; includeInIndex = 0; path = Pods_KhipuClientIOS_Tests.framework; sourceTree = BUILT_PRODUCTS_DIR; };
		BD0D0E1D2C4200FC000C7121 /* FooterComponentTest.swift */ = {isa = PBXFileReference; lastKnownFileType = sourcecode.swift; path = FooterComponentTest.swift; sourceTree = "<group>"; };
		BD1568F32C3ED05E00B1CA1B /* DetailSectionComponentTest.swift */ = {isa = PBXFileReference; lastKnownFileType = sourcecode.swift; path = DetailSectionComponentTest.swift; sourceTree = "<group>"; };
		BDAE5D7F2C0A100400B6DDD4 /* ProgressComponentTest.swift */ = {isa = PBXFileReference; lastKnownFileType = sourcecode.swift; path = ProgressComponentTest.swift; sourceTree = "<group>"; };
		BDAE5D812C0A10AE00B6DDD4 /* ProgressInfoComponentTest.swift */ = {isa = PBXFileReference; lastKnownFileType = sourcecode.swift; path = ProgressInfoComponentTest.swift; sourceTree = "<group>"; };
		BDAE5D832C0A153100B6DDD4 /* SuccessMessageComponentTest.swift */ = {isa = PBXFileReference; lastKnownFileType = sourcecode.swift; path = SuccessMessageComponentTest.swift; sourceTree = "<group>"; };
		BDD445592C04D25300098056 /* FormInfoTest.swift */ = {isa = PBXFileReference; lastKnownFileType = sourcecode.swift; path = FormInfoTest.swift; sourceTree = "<group>"; };
		BDD4455B2C04D3B000098056 /* FormPillTest.swift */ = {isa = PBXFileReference; lastKnownFileType = sourcecode.swift; path = FormPillTest.swift; sourceTree = "<group>"; };
		BDD4455D2C04D68500098056 /* FormTitleTest.swift */ = {isa = PBXFileReference; lastKnownFileType = sourcecode.swift; path = FormTitleTest.swift; sourceTree = "<group>"; };
		BDD4455F2C04D89B00098056 /* FormWarningTest.swift */ = {isa = PBXFileReference; lastKnownFileType = sourcecode.swift; path = FormWarningTest.swift; sourceTree = "<group>"; };
		BDD445612C04DD7F00098056 /* HeaderComponentTest.swift */ = {isa = PBXFileReference; lastKnownFileType = sourcecode.swift; path = HeaderComponentTest.swift; sourceTree = "<group>"; };
		BDD445632C04F73A00098056 /* MainButtonTest.swift */ = {isa = PBXFileReference; lastKnownFileType = sourcecode.swift; path = MainButtonTest.swift; sourceTree = "<group>"; };
		BDF2EF812C3C1C88000D3FFA /* RedirectToManualComponentTest.swift */ = {isa = PBXFileReference; lastKnownFileType = sourcecode.swift; path = RedirectToManualComponentTest.swift; sourceTree = "<group>"; };
		C55C20EC2C07CC4B0015A732 /* DashedLineTest.swift */ = {isa = PBXFileReference; fileEncoding = 4; lastKnownFileType = sourcecode.swift; path = DashedLineTest.swift; sourceTree = "<group>"; };
		C5DB1B052C08C6110061351A /* EndToEndEncryptionTest.swift */ = {isa = PBXFileReference; fileEncoding = 4; lastKnownFileType = sourcecode.swift; path = EndToEndEncryptionTest.swift; sourceTree = "<group>"; };
		CC0A43F03CFB34C330043D48 /* LICENSE */ = {isa = PBXFileReference; includeInIndex = 1; lastKnownFileType = text; name = LICENSE; path = ../LICENSE; sourceTree = "<group>"; };
		E09EC8476A9C9725101CB626 /* KhipuClientIOS.podspec */ = {isa = PBXFileReference; includeInIndex = 1; lastKnownFileType = text; name = KhipuClientIOS.podspec; path = ../KhipuClientIOS.podspec; sourceTree = "<group>"; xcLanguageSpecificationIdentifier = xcode.lang.ruby; };
/* End PBXFileReference section */

/* Begin PBXFrameworksBuildPhase section */
		607FACCD1AFB9204008FA782 /* Frameworks */ = {
			isa = PBXFrameworksBuildPhase;
			buildActionMask = 2147483647;
			files = (
				7E059F83A1C5E6B5684C3BAA /* Pods_KhipuClientIOS_Example.framework in Frameworks */,
			);
			runOnlyForDeploymentPostprocessing = 0;
		};
		607FACE21AFB9204008FA782 /* Frameworks */ = {
			isa = PBXFrameworksBuildPhase;
			buildActionMask = 2147483647;
			files = (
				264E0D882C20E2DB001C1BB8 /* Pods_KhipuClientIOS_Tests.framework in Frameworks */,
			);
			runOnlyForDeploymentPostprocessing = 0;
		};
/* End PBXFrameworksBuildPhase section */

/* Begin PBXGroup section */
		15551B8B2C20944900B45348 /* Fields */ = {
			isa = PBXGroup;
			children = (
				15E4F64B2C2097B4001DA7C9 /* CheckboxFieldTest.swift */,
				15E4F64D2C2097DF001DA7C9 /* HeaderCheckboxFieldTest.swift */,
				15E4F64F2C2097F7001DA7C9 /* SwitchFieldTest.swift */,
				154872C42C20A40600038189 /* KhipuLabelTest.swift */,
				154872C62C20A7F400038189 /* HintLabelTest.swift */,
				1547EFCC2C20C00500229365 /* ListFieldTest.swift */,
				1508CF382C231A4100DCE1FA /* CoordinatesFieldTest.swift */,
				1583B0292C236FC600B5B9C7 /* OtpFieldTest.swift */,
				15E391612C23873B00EA396E /* SeparatorFieldTest.swift */,
				15E3917B2C260AF600EA396E /* SimpleTextFieldTest.swift */,
				15E391802C26177B00EA396E /* RutFieldTest.swift */,
				15E391822C26209E00EA396E /* ImageChallengeTest.swift */,
			);
			path = Fields;
			sourceTree = "<group>";
		};
		264E0D852C20DB96001C1BB8 /* Util */ = {
			isa = PBXGroup;
			children = (
				264E0D862C20DBD1001C1BB8 /* ValidationUtilTest.swift */,
				26594A0F2C223171002D094F /* DeviceInfoTest.swift */,
				26594A0D2C222F52002D094F /* DimensTest.swift */,
				26594A072C222093002D094F /* FieldUtilTest.swift */,
				26594A0B2C222E83002D094F /* FieldUpdaterTest.swift */,
				26594A092C222E2F002D094F /* ExecuteCodeTest.swift */,
				26594A032C21ED7D002D094F /* KhipuTranslatorTest.swift */,
				26594A052C21EF3C002D094F /* KhipuTextFieldStyleTest.swift */,
				26594A112C223493002D094F /* CredentialsStorageUtilTest.swift */,
				26594A342C261819002D094F /* SVGImageRendererTest.swift */,
			);
			path = Util;
			sourceTree = "<group>";
		};
		26594A382C26238D002D094F /* Modal */ = {
			isa = PBXGroup;
			children = (
				26594A392C2623C0002D094F /* ModalTest.swift */,
				26594A3B2C2623D1002D094F /* InactivityModalTest.swift */,
			);
			path = Modal;
			sourceTree = "<group>";
		};
		4AD82D452C0253FD0065CC37 /* Components */ = {
			isa = PBXGroup;
			children = (
				4AD82D412C0253FD0065CC37 /* AuthorizationRequestComponentTest.swift */,
				4AD82D422C0253FD0065CC37 /* CopyToClipboardComponentTest.swift */,
				C55C20EC2C07CC4B0015A732 /* DashedLineTest.swift */,
				C5DB1B052C08C6110061351A /* EndToEndEncryptionTest.swift */,
				4AD82D432C0253FD0065CC37 /* FailureMessageComponentTest.swift */,
				BDD445592C04D25300098056 /* FormInfoTest.swift */,
				265949FF2C21D7F8002D094F /* FormComponentTest.swift */,
				BDD4455B2C04D3B000098056 /* FormPillTest.swift */,
				BDD4455D2C04D68500098056 /* FormTitleTest.swift */,
				BDD4455F2C04D89B00098056 /* FormWarningTest.swift */,
				BDD445612C04DD7F00098056 /* HeaderComponentTest.swift */,
				BDD445632C04F73A00098056 /* MainButtonTest.swift */,
				4AD82D442C0253FD0065CC37 /* MerchantDialogComponentTest.swift */,
				264E0D942C21C5C8001C1BB8 /* MustContinueComponentTest.swift */,
				264E0D922C21C5B0001C1BB8 /* NavigationBarComponentTest.swift */,
				BDAE5D7F2C0A100400B6DDD4 /* ProgressComponentTest.swift */,
				BDAE5D812C0A10AE00B6DDD4 /* ProgressInfoComponentTest.swift */,
				264E0D902C21C541001C1BB8 /* SkeletonHeaderComponentTest.swift */,
				BDAE5D832C0A153100B6DDD4 /* SuccessMessageComponentTest.swift */,
				264E0D8E2C21C504001C1BB8 /* TimeoutMessageComponentTest.swift */,
				264E0D8C2C21C486001C1BB8 /* WarningMessageComponentTest.swift */,
				1583B0272C236AE600B5B9C7 /* FormErrorTest.swift */,
				26594A362C261E33002D094F /* SVGImageTest.swift */,
				BDF2EF812C3C1C88000D3FFA /* RedirectToManualComponentTest.swift */,
				BD1568F32C3ED05E00B1CA1B /* DetailSectionComponentTest.swift */,
				BD0D0E1D2C4200FC000C7121 /* FooterComponentTest.swift */,
			);
			path = Components;
			sourceTree = "<group>";
		};
		607FACC71AFB9204008FA782 = {
			isa = PBXGroup;
			children = (
				607FACF51AFB993E008FA782 /* Podspec Metadata */,
				607FACD21AFB9204008FA782 /* Example for KhipuClientIOS */,
				607FACE81AFB9204008FA782 /* Tests */,
				607FACD11AFB9204008FA782 /* Products */,
				ABBE15DFACA0856F6526AE62 /* Pods */,
				8A56D410D16B5E9764867665 /* Frameworks */,
			);
			sourceTree = "<group>";
		};
		607FACD11AFB9204008FA782 /* Products */ = {
			isa = PBXGroup;
			children = (
				607FACD01AFB9204008FA782 /* KhipuClientIOS_Example.app */,
				607FACE51AFB9204008FA782 /* KhipuClientIOS_Tests.xctest */,
			);
			name = Products;
			sourceTree = "<group>";
		};
		607FACD21AFB9204008FA782 /* Example for KhipuClientIOS */ = {
			isa = PBXGroup;
			children = (
				4AD82D4C2C0256A70065CC37 /* CustomHeaderUIVIew.swift */,
				607FACD51AFB9204008FA782 /* AppDelegate.swift */,
				607FACD71AFB9204008FA782 /* ViewController.swift */,
				607FACDC1AFB9204008FA782 /* Images.xcassets */,
				607FACD31AFB9204008FA782 /* Supporting Files */,
			);
			name = "Example for KhipuClientIOS";
			path = KhipuClientIOS;
			sourceTree = "<group>";
		};
		607FACD31AFB9204008FA782 /* Supporting Files */ = {
			isa = PBXGroup;
			children = (
				607FACD41AFB9204008FA782 /* Info.plist */,
			);
			name = "Supporting Files";
			sourceTree = "<group>";
		};
		607FACE81AFB9204008FA782 /* Tests */ = {
			isa = PBXGroup;
			children = (
				26594A382C26238D002D094F /* Modal */,
				264E0D852C20DB96001C1BB8 /* Util */,
				15551B8B2C20944900B45348 /* Fields */,
				4AD82D452C0253FD0065CC37 /* Components */,
				607FACEB1AFB9204008FA782 /* Tests.swift */,
				607FACE91AFB9204008FA782 /* Supporting Files */,
			);
			path = Tests;
			sourceTree = "<group>";
		};
		607FACE91AFB9204008FA782 /* Supporting Files */ = {
			isa = PBXGroup;
			children = (
				607FACEA1AFB9204008FA782 /* Info.plist */,
			);
			name = "Supporting Files";
			sourceTree = "<group>";
		};
		607FACF51AFB993E008FA782 /* Podspec Metadata */ = {
			isa = PBXGroup;
			children = (
				E09EC8476A9C9725101CB626 /* KhipuClientIOS.podspec */,
				05E56BC0EA511A1210CC3A4E /* README.md */,
				CC0A43F03CFB34C330043D48 /* LICENSE */,
			);
			name = "Podspec Metadata";
			sourceTree = "<group>";
		};
		8A56D410D16B5E9764867665 /* Frameworks */ = {
			isa = PBXGroup;
			children = (
				02A551250C2F71698B7D53AF /* Pods_KhipuClientIOS_Example.framework */,
				B25A47703EA0D6EF73A46C0B /* Pods_KhipuClientIOS_Tests.framework */,
			);
			name = Frameworks;
			sourceTree = "<group>";
		};
		ABBE15DFACA0856F6526AE62 /* Pods */ = {
			isa = PBXGroup;
			children = (
				1C3AEF4D2D347243770F5910 /* Pods-KhipuClientIOS_Example.debug.xcconfig */,
				29506C8577AD33C3B29C428F /* Pods-KhipuClientIOS_Example.release.xcconfig */,
				7E23CC4D2962148772A3CEAA /* Pods-KhipuClientIOS_Tests.debug.xcconfig */,
				5A2884C75050EA9150A4E3E7 /* Pods-KhipuClientIOS_Tests.release.xcconfig */,
			);
			path = Pods;
			sourceTree = "<group>";
		};
/* End PBXGroup section */

/* Begin PBXNativeTarget section */
		607FACCF1AFB9204008FA782 /* KhipuClientIOS_Example */ = {
			isa = PBXNativeTarget;
			buildConfigurationList = 607FACEF1AFB9204008FA782 /* Build configuration list for PBXNativeTarget "KhipuClientIOS_Example" */;
			buildPhases = (
				5F4B5DCABF45943CD868684E /* [CP] Check Pods Manifest.lock */,
				607FACCC1AFB9204008FA782 /* Sources */,
				607FACCD1AFB9204008FA782 /* Frameworks */,
				607FACCE1AFB9204008FA782 /* Resources */,
				2D3A03853639B5DC33BB70C8 /* [CP] Embed Pods Frameworks */,
			);
			buildRules = (
			);
			dependencies = (
			);
			name = KhipuClientIOS_Example;
			productName = KhipuClientIOS;
			productReference = 607FACD01AFB9204008FA782 /* KhipuClientIOS_Example.app */;
			productType = "com.apple.product-type.application";
		};
		607FACE41AFB9204008FA782 /* KhipuClientIOS_Tests */ = {
			isa = PBXNativeTarget;
			buildConfigurationList = 607FACF21AFB9204008FA782 /* Build configuration list for PBXNativeTarget "KhipuClientIOS_Tests" */;
			buildPhases = (
				8EEC49F72E5FC5F26E49F9FE /* [CP] Check Pods Manifest.lock */,
				607FACE11AFB9204008FA782 /* Sources */,
				607FACE21AFB9204008FA782 /* Frameworks */,
				607FACE31AFB9204008FA782 /* Resources */,
				ACF2911DADDE6D648AEF432D /* [CP] Embed Pods Frameworks */,
				264E0D8A2C20E2DB001C1BB8 /* Embed Frameworks */,
			);
			buildRules = (
			);
			dependencies = (
				607FACE71AFB9204008FA782 /* PBXTargetDependency */,
			);
			name = KhipuClientIOS_Tests;
			productName = Tests;
			productReference = 607FACE51AFB9204008FA782 /* KhipuClientIOS_Tests.xctest */;
			productType = "com.apple.product-type.bundle.unit-test";
		};
/* End PBXNativeTarget section */

/* Begin PBXProject section */
		607FACC81AFB9204008FA782 /* Project object */ = {
			isa = PBXProject;
			attributes = {
				BuildIndependentTargetsInParallel = YES;
				LastSwiftUpdateCheck = 0830;
				LastUpgradeCheck = 1540;
				ORGANIZATIONNAME = CocoaPods;
				TargetAttributes = {
					607FACCF1AFB9204008FA782 = {
						CreatedOnToolsVersion = 6.3.1;
						DevelopmentTeam = 2X63E3W773;
						LastSwiftMigration = 1540;
					};
					607FACE41AFB9204008FA782 = {
						CreatedOnToolsVersion = 6.3.1;
						DevelopmentTeam = 2X63E3W773;
						LastSwiftMigration = 1540;
						TestTargetID = 607FACCF1AFB9204008FA782;
					};
				};
			};
			buildConfigurationList = 607FACCB1AFB9204008FA782 /* Build configuration list for PBXProject "KhipuClientIOS" */;
			compatibilityVersion = "Xcode 3.2";
			developmentRegion = English;
			hasScannedForEncodings = 0;
			knownRegions = (
				English,
				en,
				Base,
			);
			mainGroup = 607FACC71AFB9204008FA782;
			productRefGroup = 607FACD11AFB9204008FA782 /* Products */;
			projectDirPath = "";
			projectRoot = "";
			targets = (
				607FACCF1AFB9204008FA782 /* KhipuClientIOS_Example */,
				607FACE41AFB9204008FA782 /* KhipuClientIOS_Tests */,
			);
		};
/* End PBXProject section */

/* Begin PBXResourcesBuildPhase section */
		607FACCE1AFB9204008FA782 /* Resources */ = {
			isa = PBXResourcesBuildPhase;
			buildActionMask = 2147483647;
			files = (
				607FACDD1AFB9204008FA782 /* Images.xcassets in Resources */,
			);
			runOnlyForDeploymentPostprocessing = 0;
		};
		607FACE31AFB9204008FA782 /* Resources */ = {
			isa = PBXResourcesBuildPhase;
			buildActionMask = 2147483647;
			files = (
			);
			runOnlyForDeploymentPostprocessing = 0;
		};
/* End PBXResourcesBuildPhase section */

/* Begin PBXShellScriptBuildPhase section */
		2D3A03853639B5DC33BB70C8 /* [CP] Embed Pods Frameworks */ = {
			isa = PBXShellScriptBuildPhase;
			buildActionMask = 2147483647;
			files = (
			);
			inputPaths = (
				"${PODS_ROOT}/Target Support Files/Pods-KhipuClientIOS_Example/Pods-KhipuClientIOS_Example-frameworks.sh",
				"${BUILT_PRODUCTS_DIR}/KHTweetNacl/KHTweetNacl.framework",
				"${BUILT_PRODUCTS_DIR}/KhenshinProtocol/KhenshinProtocol.framework",
				"${BUILT_PRODUCTS_DIR}/KhenshinSecureMessage/KhenshinSecureMessage.framework",
				"${BUILT_PRODUCTS_DIR}/KhipuClientIOS/KhipuClientIOS.framework",
				"${BUILT_PRODUCTS_DIR}/Socket.IO-Client-Swift/SocketIO.framework",
				"${BUILT_PRODUCTS_DIR}/Starscream/Starscream.framework",
			);
			name = "[CP] Embed Pods Frameworks";
			outputPaths = (
				"${TARGET_BUILD_DIR}/${FRAMEWORKS_FOLDER_PATH}/KHTweetNacl.framework",
				"${TARGET_BUILD_DIR}/${FRAMEWORKS_FOLDER_PATH}/KhenshinProtocol.framework",
				"${TARGET_BUILD_DIR}/${FRAMEWORKS_FOLDER_PATH}/KhenshinSecureMessage.framework",
				"${TARGET_BUILD_DIR}/${FRAMEWORKS_FOLDER_PATH}/KhipuClientIOS.framework",
				"${TARGET_BUILD_DIR}/${FRAMEWORKS_FOLDER_PATH}/SocketIO.framework",
				"${TARGET_BUILD_DIR}/${FRAMEWORKS_FOLDER_PATH}/Starscream.framework",
			);
			runOnlyForDeploymentPostprocessing = 0;
			shellPath = /bin/sh;
			shellScript = "\"${PODS_ROOT}/Target Support Files/Pods-KhipuClientIOS_Example/Pods-KhipuClientIOS_Example-frameworks.sh\"\n";
			showEnvVarsInLog = 0;
		};
		5F4B5DCABF45943CD868684E /* [CP] Check Pods Manifest.lock */ = {
			isa = PBXShellScriptBuildPhase;
			buildActionMask = 2147483647;
			files = (
			);
			inputFileListPaths = (
			);
			inputPaths = (
				"${PODS_PODFILE_DIR_PATH}/Podfile.lock",
				"${PODS_ROOT}/Manifest.lock",
			);
			name = "[CP] Check Pods Manifest.lock";
			outputFileListPaths = (
			);
			outputPaths = (
				"$(DERIVED_FILE_DIR)/Pods-KhipuClientIOS_Example-checkManifestLockResult.txt",
			);
			runOnlyForDeploymentPostprocessing = 0;
			shellPath = /bin/sh;
			shellScript = "diff \"${PODS_PODFILE_DIR_PATH}/Podfile.lock\" \"${PODS_ROOT}/Manifest.lock\" > /dev/null\nif [ $? != 0 ] ; then\n    # print error to STDERR\n    echo \"error: The sandbox is not in sync with the Podfile.lock. Run 'pod install' or update your CocoaPods installation.\" >&2\n    exit 1\nfi\n# This output is used by Xcode 'outputs' to avoid re-running this script phase.\necho \"SUCCESS\" > \"${SCRIPT_OUTPUT_FILE_0}\"\n";
			showEnvVarsInLog = 0;
		};
		8EEC49F72E5FC5F26E49F9FE /* [CP] Check Pods Manifest.lock */ = {
			isa = PBXShellScriptBuildPhase;
			buildActionMask = 2147483647;
			files = (
			);
			inputFileListPaths = (
			);
			inputPaths = (
				"${PODS_PODFILE_DIR_PATH}/Podfile.lock",
				"${PODS_ROOT}/Manifest.lock",
			);
			name = "[CP] Check Pods Manifest.lock";
			outputFileListPaths = (
			);
			outputPaths = (
				"$(DERIVED_FILE_DIR)/Pods-KhipuClientIOS_Tests-checkManifestLockResult.txt",
			);
			runOnlyForDeploymentPostprocessing = 0;
			shellPath = /bin/sh;
			shellScript = "diff \"${PODS_PODFILE_DIR_PATH}/Podfile.lock\" \"${PODS_ROOT}/Manifest.lock\" > /dev/null\nif [ $? != 0 ] ; then\n    # print error to STDERR\n    echo \"error: The sandbox is not in sync with the Podfile.lock. Run 'pod install' or update your CocoaPods installation.\" >&2\n    exit 1\nfi\n# This output is used by Xcode 'outputs' to avoid re-running this script phase.\necho \"SUCCESS\" > \"${SCRIPT_OUTPUT_FILE_0}\"\n";
			showEnvVarsInLog = 0;
		};
		ACF2911DADDE6D648AEF432D /* [CP] Embed Pods Frameworks */ = {
			isa = PBXShellScriptBuildPhase;
			buildActionMask = 2147483647;
			files = (
			);
			inputPaths = (
				"${PODS_ROOT}/Target Support Files/Pods-KhipuClientIOS_Tests/Pods-KhipuClientIOS_Tests-frameworks.sh",
				"${BUILT_PRODUCTS_DIR}/ViewInspector/ViewInspector.framework",
			);
			name = "[CP] Embed Pods Frameworks";
			outputPaths = (
				"${TARGET_BUILD_DIR}/${FRAMEWORKS_FOLDER_PATH}/ViewInspector.framework",
			);
			runOnlyForDeploymentPostprocessing = 0;
			shellPath = /bin/sh;
			shellScript = "\"${PODS_ROOT}/Target Support Files/Pods-KhipuClientIOS_Tests/Pods-KhipuClientIOS_Tests-frameworks.sh\"\n";
			showEnvVarsInLog = 0;
		};
/* End PBXShellScriptBuildPhase section */

/* Begin PBXSourcesBuildPhase section */
		607FACCC1AFB9204008FA782 /* Sources */ = {
			isa = PBXSourcesBuildPhase;
			buildActionMask = 2147483647;
			files = (
				4AD82D4E2C0256A70065CC37 /* CustomHeaderUIVIew.swift in Sources */,
				607FACD81AFB9204008FA782 /* ViewController.swift in Sources */,
				607FACD61AFB9204008FA782 /* AppDelegate.swift in Sources */,
			);
			runOnlyForDeploymentPostprocessing = 0;
		};
		607FACE11AFB9204008FA782 /* Sources */ = {
			isa = PBXSourcesBuildPhase;
			buildActionMask = 2147483647;
			files = (
				BDD4455A2C04D25300098056 /* FormInfoTest.swift in Sources */,
				BD0D0E1E2C4200FC000C7121 /* FooterComponentTest.swift in Sources */,
				26594A0C2C222E83002D094F /* FieldUpdaterTest.swift in Sources */,
				26594A102C223171002D094F /* DeviceInfoTest.swift in Sources */,
				4AD82D492C0253FD0065CC37 /* FailureMessageComponentTest.swift in Sources */,
				BD1568F42C3ED05E00B1CA1B /* DetailSectionComponentTest.swift in Sources */,
				1583B02A2C236FC600B5B9C7 /* OtpFieldTest.swift in Sources */,
				15E4F6502C2097F7001DA7C9 /* SwitchFieldTest.swift in Sources */,
				154872C52C20A40600038189 /* KhipuLabelTest.swift in Sources */,
				4AD82D482C0253FD0065CC37 /* CopyToClipboardComponentTest.swift in Sources */,
				15E391812C26177B00EA396E /* RutFieldTest.swift in Sources */,
				154872C72C20A7F400038189 /* HintLabelTest.swift in Sources */,
				26594A0E2C222F52002D094F /* DimensTest.swift in Sources */,
				BDAE5D822C0A10AE00B6DDD4 /* ProgressInfoComponentTest.swift in Sources */,
				15E4F64E2C2097DF001DA7C9 /* HeaderCheckboxFieldTest.swift in Sources */,
				BDAE5D802C0A100400B6DDD4 /* ProgressComponentTest.swift in Sources */,
				BDD445602C04D89B00098056 /* FormWarningTest.swift in Sources */,
				1583B0282C236AE600B5B9C7 /* FormErrorTest.swift in Sources */,
				264E0D912C21C541001C1BB8 /* SkeletonHeaderComponentTest.swift in Sources */,
				15E391622C23873B00EA396E /* SeparatorFieldTest.swift in Sources */,
				264E0D8D2C21C486001C1BB8 /* WarningMessageComponentTest.swift in Sources */,
				26594A372C261E33002D094F /* SVGImageTest.swift in Sources */,
				26594A062C21EF3C002D094F /* KhipuTextFieldStyleTest.swift in Sources */,
				15E4F64C2C2097B4001DA7C9 /* CheckboxFieldTest.swift in Sources */,
				26594A352C26181A002D094F /* SVGImageRendererTest.swift in Sources */,
				264E0D8B2C20E384001C1BB8 /* ValidationUtilTest.swift in Sources */,
				15E3917C2C260AF600EA396E /* SimpleTextFieldTest.swift in Sources */,
				15E391832C26209E00EA396E /* ImageChallengeTest.swift in Sources */,
				C5DB1B062C08C6110061351A /* EndToEndEncryptionTest.swift in Sources */,
				1508CF392C231A4100DCE1FA /* CoordinatesFieldTest.swift in Sources */,
				26594A3A2C2623C0002D094F /* ModalTest.swift in Sources */,
				26594A082C222093002D094F /* FieldUtilTest.swift in Sources */,
				26594A0A2C222E2F002D094F /* ExecuteCodeTest.swift in Sources */,
				26594A3C2C2623D1002D094F /* InactivityModalTest.swift in Sources */,
				BDD4455E2C04D68500098056 /* FormTitleTest.swift in Sources */,
				26594A002C21D7F8002D094F /* FormComponentTest.swift in Sources */,
				264E0D952C21C5C9001C1BB8 /* MustContinueComponentTest.swift in Sources */,
				607FACEC1AFB9204008FA782 /* Tests.swift in Sources */,
				C55C20ED2C07CC4B0015A732 /* DashedLineTest.swift in Sources */,
				4AD82D472C0253FD0065CC37 /* AuthorizationRequestComponentTest.swift in Sources */,
				1547EFCD2C20C00500229365 /* ListFieldTest.swift in Sources */,
				264E0D932C21C5B0001C1BB8 /* NavigationBarComponentTest.swift in Sources */,
				BDD445642C04F73A00098056 /* MainButtonTest.swift in Sources */,
				BDF2EF822C3C1C88000D3FFA /* RedirectToManualComponentTest.swift in Sources */,
				BDAE5D842C0A153100B6DDD4 /* SuccessMessageComponentTest.swift in Sources */,
				BDD4455C2C04D3B000098056 /* FormPillTest.swift in Sources */,
				264E0D8F2C21C504001C1BB8 /* TimeoutMessageComponentTest.swift in Sources */,
				26594A122C223493002D094F /* CredentialsStorageUtilTest.swift in Sources */,
				BDD445622C04DD7F00098056 /* HeaderComponentTest.swift in Sources */,
				4AD82D4A2C0253FD0065CC37 /* MerchantDialogComponentTest.swift in Sources */,
				26594A042C21ED7D002D094F /* KhipuTranslatorTest.swift in Sources */,
			);
			runOnlyForDeploymentPostprocessing = 0;
		};
/* End PBXSourcesBuildPhase section */

/* Begin PBXTargetDependency section */
		607FACE71AFB9204008FA782 /* PBXTargetDependency */ = {
			isa = PBXTargetDependency;
			target = 607FACCF1AFB9204008FA782 /* KhipuClientIOS_Example */;
			targetProxy = 607FACE61AFB9204008FA782 /* PBXContainerItemProxy */;
		};
/* End PBXTargetDependency section */

/* Begin XCBuildConfiguration section */
		607FACED1AFB9204008FA782 /* Debug */ = {
			isa = XCBuildConfiguration;
			buildSettings = {
				ALWAYS_SEARCH_USER_PATHS = NO;
				CLANG_ANALYZER_LOCALIZABILITY_NONLOCALIZED = YES;
				CLANG_CXX_LANGUAGE_STANDARD = "gnu++0x";
				CLANG_CXX_LIBRARY = "libc++";
				CLANG_ENABLE_MODULES = YES;
				CLANG_ENABLE_OBJC_ARC = YES;
				CLANG_WARN_BLOCK_CAPTURE_AUTORELEASING = YES;
				CLANG_WARN_BOOL_CONVERSION = YES;
				CLANG_WARN_COMMA = YES;
				CLANG_WARN_CONSTANT_CONVERSION = YES;
				CLANG_WARN_DEPRECATED_OBJC_IMPLEMENTATIONS = YES;
				CLANG_WARN_DIRECT_OBJC_ISA_USAGE = YES_ERROR;
				CLANG_WARN_EMPTY_BODY = YES;
				CLANG_WARN_ENUM_CONVERSION = YES;
				CLANG_WARN_INFINITE_RECURSION = YES;
				CLANG_WARN_INT_CONVERSION = YES;
				CLANG_WARN_NON_LITERAL_NULL_CONVERSION = YES;
				CLANG_WARN_OBJC_IMPLICIT_RETAIN_SELF = YES;
				CLANG_WARN_OBJC_LITERAL_CONVERSION = YES;
				CLANG_WARN_OBJC_ROOT_CLASS = YES_ERROR;
				CLANG_WARN_QUOTED_INCLUDE_IN_FRAMEWORK_HEADER = YES;
				CLANG_WARN_RANGE_LOOP_ANALYSIS = YES;
				CLANG_WARN_STRICT_PROTOTYPES = YES;
				CLANG_WARN_SUSPICIOUS_MOVE = YES;
				CLANG_WARN_UNREACHABLE_CODE = YES;
				CLANG_WARN__DUPLICATE_METHOD_MATCH = YES;
				"CODE_SIGN_IDENTITY[sdk=iphoneos*]" = "iPhone Developer";
				COPY_PHASE_STRIP = NO;
				DEBUG_INFORMATION_FORMAT = "dwarf-with-dsym";
				ENABLE_STRICT_OBJC_MSGSEND = YES;
				ENABLE_TESTABILITY = YES;
				ENABLE_USER_SCRIPT_SANDBOXING = NO;
				GCC_C_LANGUAGE_STANDARD = gnu99;
				GCC_DYNAMIC_NO_PIC = NO;
				GCC_NO_COMMON_BLOCKS = YES;
				GCC_OPTIMIZATION_LEVEL = 0;
				GCC_PREPROCESSOR_DEFINITIONS = (
					"DEBUG=1",
					"$(inherited)",
				);
				GCC_SYMBOLS_PRIVATE_EXTERN = NO;
				GCC_WARN_64_TO_32_BIT_CONVERSION = YES;
				GCC_WARN_ABOUT_RETURN_TYPE = YES_ERROR;
				GCC_WARN_UNDECLARED_SELECTOR = YES;
				GCC_WARN_UNINITIALIZED_AUTOS = YES_AGGRESSIVE;
				GCC_WARN_UNUSED_FUNCTION = YES;
				GCC_WARN_UNUSED_VARIABLE = YES;
				IPHONEOS_DEPLOYMENT_TARGET = 12.0;
				MTL_ENABLE_DEBUG_INFO = YES;
				ONLY_ACTIVE_ARCH = YES;
				SDKROOT = iphoneos;
				SWIFT_OPTIMIZATION_LEVEL = "-Onone";
			};
			name = Debug;
		};
		607FACEE1AFB9204008FA782 /* Release */ = {
			isa = XCBuildConfiguration;
			buildSettings = {
				ALWAYS_SEARCH_USER_PATHS = NO;
				CLANG_ANALYZER_LOCALIZABILITY_NONLOCALIZED = YES;
				CLANG_CXX_LANGUAGE_STANDARD = "gnu++0x";
				CLANG_CXX_LIBRARY = "libc++";
				CLANG_ENABLE_MODULES = YES;
				CLANG_ENABLE_OBJC_ARC = YES;
				CLANG_WARN_BLOCK_CAPTURE_AUTORELEASING = YES;
				CLANG_WARN_BOOL_CONVERSION = YES;
				CLANG_WARN_COMMA = YES;
				CLANG_WARN_CONSTANT_CONVERSION = YES;
				CLANG_WARN_DEPRECATED_OBJC_IMPLEMENTATIONS = YES;
				CLANG_WARN_DIRECT_OBJC_ISA_USAGE = YES_ERROR;
				CLANG_WARN_EMPTY_BODY = YES;
				CLANG_WARN_ENUM_CONVERSION = YES;
				CLANG_WARN_INFINITE_RECURSION = YES;
				CLANG_WARN_INT_CONVERSION = YES;
				CLANG_WARN_NON_LITERAL_NULL_CONVERSION = YES;
				CLANG_WARN_OBJC_IMPLICIT_RETAIN_SELF = YES;
				CLANG_WARN_OBJC_LITERAL_CONVERSION = YES;
				CLANG_WARN_OBJC_ROOT_CLASS = YES_ERROR;
				CLANG_WARN_QUOTED_INCLUDE_IN_FRAMEWORK_HEADER = YES;
				CLANG_WARN_RANGE_LOOP_ANALYSIS = YES;
				CLANG_WARN_STRICT_PROTOTYPES = YES;
				CLANG_WARN_SUSPICIOUS_MOVE = YES;
				CLANG_WARN_UNREACHABLE_CODE = YES;
				CLANG_WARN__DUPLICATE_METHOD_MATCH = YES;
				"CODE_SIGN_IDENTITY[sdk=iphoneos*]" = "iPhone Developer";
				COPY_PHASE_STRIP = NO;
				DEBUG_INFORMATION_FORMAT = "dwarf-with-dsym";
				ENABLE_NS_ASSERTIONS = NO;
				ENABLE_STRICT_OBJC_MSGSEND = YES;
				ENABLE_USER_SCRIPT_SANDBOXING = NO;
				GCC_C_LANGUAGE_STANDARD = gnu99;
				GCC_NO_COMMON_BLOCKS = YES;
				GCC_WARN_64_TO_32_BIT_CONVERSION = YES;
				GCC_WARN_ABOUT_RETURN_TYPE = YES_ERROR;
				GCC_WARN_UNDECLARED_SELECTOR = YES;
				GCC_WARN_UNINITIALIZED_AUTOS = YES_AGGRESSIVE;
				GCC_WARN_UNUSED_FUNCTION = YES;
				GCC_WARN_UNUSED_VARIABLE = YES;
				IPHONEOS_DEPLOYMENT_TARGET = 12.0;
				MTL_ENABLE_DEBUG_INFO = NO;
				SDKROOT = iphoneos;
				SWIFT_COMPILATION_MODE = wholemodule;
				SWIFT_OPTIMIZATION_LEVEL = "-O";
				VALIDATE_PRODUCT = YES;
			};
			name = Release;
		};
		607FACF01AFB9204008FA782 /* Debug */ = {
			isa = XCBuildConfiguration;
			baseConfigurationReference = 1C3AEF4D2D347243770F5910 /* Pods-KhipuClientIOS_Example.debug.xcconfig */;
			buildSettings = {
				ASSETCATALOG_COMPILER_APPICON_NAME = AppIcon;
				DEVELOPMENT_TEAM = 2X63E3W773;
				ENABLE_USER_SCRIPT_SANDBOXING = NO;
				INFOPLIST_FILE = KhipuClientIOS/Info.plist;
				IPHONEOS_DEPLOYMENT_TARGET = 13.0;
				LD_RUNPATH_SEARCH_PATHS = (
					"$(inherited)",
					"@executable_path/Frameworks",
				);
				MODULE_NAME = ExampleApp;
				PRODUCT_BUNDLE_IDENTIFIER = "org.cocoapods.demo.$(PRODUCT_NAME:rfc1034identifier)";
				PRODUCT_NAME = "$(TARGET_NAME)";
				SWIFT_SWIFT3_OBJC_INFERENCE = Default;
				SWIFT_VERSION = 5.0;
			};
			name = Debug;
		};
		607FACF11AFB9204008FA782 /* Release */ = {
			isa = XCBuildConfiguration;
			baseConfigurationReference = 29506C8577AD33C3B29C428F /* Pods-KhipuClientIOS_Example.release.xcconfig */;
			buildSettings = {
				ASSETCATALOG_COMPILER_APPICON_NAME = AppIcon;
				DEVELOPMENT_TEAM = 2X63E3W773;
				ENABLE_USER_SCRIPT_SANDBOXING = NO;
				INFOPLIST_FILE = KhipuClientIOS/Info.plist;
				IPHONEOS_DEPLOYMENT_TARGET = 13.0;
				LD_RUNPATH_SEARCH_PATHS = (
					"$(inherited)",
					"@executable_path/Frameworks",
				);
				MODULE_NAME = ExampleApp;
				PRODUCT_BUNDLE_IDENTIFIER = "org.cocoapods.demo.$(PRODUCT_NAME:rfc1034identifier)";
				PRODUCT_NAME = "$(TARGET_NAME)";
				SWIFT_SWIFT3_OBJC_INFERENCE = Default;
				SWIFT_VERSION = 5.0;
			};
			name = Release;
		};
		607FACF31AFB9204008FA782 /* Debug */ = {
			isa = XCBuildConfiguration;
			baseConfigurationReference = 7E23CC4D2962148772A3CEAA /* Pods-KhipuClientIOS_Tests.debug.xcconfig */;
			buildSettings = {
				DEVELOPMENT_TEAM = 2X63E3W773;
				ENABLE_USER_SCRIPT_SANDBOXING = NO;
				FRAMEWORK_SEARCH_PATHS = (
					"$(PLATFORM_DIR)/Developer/Library/Frameworks",
					"$(inherited)",
				);
				GCC_PREPROCESSOR_DEFINITIONS = (
					"DEBUG=1",
					"$(inherited)",
				);
				INFOPLIST_FILE = Tests/Info.plist;
				IPHONEOS_DEPLOYMENT_TARGET = 13.0;
				LD_RUNPATH_SEARCH_PATHS = (
					"$(inherited)",
					"@executable_path/Frameworks",
					"@loader_path/Frameworks",
				);
				PRODUCT_BUNDLE_IDENTIFIER = "org.cocoapods.$(PRODUCT_NAME:rfc1034identifier)";
				PRODUCT_NAME = "$(TARGET_NAME)";
				SWIFT_SWIFT3_OBJC_INFERENCE = Default;
				SWIFT_VERSION = 5.0;
				TEST_HOST = "$(BUILT_PRODUCTS_DIR)/KhipuClientIOS_Example.app/KhipuClientIOS_Example";
			};
			name = Debug;
		};
		607FACF41AFB9204008FA782 /* Release */ = {
			isa = XCBuildConfiguration;
			baseConfigurationReference = 5A2884C75050EA9150A4E3E7 /* Pods-KhipuClientIOS_Tests.release.xcconfig */;
			buildSettings = {
				DEVELOPMENT_TEAM = 2X63E3W773;
				ENABLE_USER_SCRIPT_SANDBOXING = NO;
				FRAMEWORK_SEARCH_PATHS = (
					"$(PLATFORM_DIR)/Developer/Library/Frameworks",
					"$(inherited)",
				);
				INFOPLIST_FILE = Tests/Info.plist;
				IPHONEOS_DEPLOYMENT_TARGET = 13.0;
				LD_RUNPATH_SEARCH_PATHS = (
					"$(inherited)",
					"@executable_path/Frameworks",
					"@loader_path/Frameworks",
				);
				PRODUCT_BUNDLE_IDENTIFIER = "org.cocoapods.$(PRODUCT_NAME:rfc1034identifier)";
				PRODUCT_NAME = "$(TARGET_NAME)";
				SWIFT_SWIFT3_OBJC_INFERENCE = Default;
				SWIFT_VERSION = 5.0;
				TEST_HOST = "$(BUILT_PRODUCTS_DIR)/KhipuClientIOS_Example.app/KhipuClientIOS_Example";
			};
			name = Release;
		};
/* End XCBuildConfiguration section */

/* Begin XCConfigurationList section */
		607FACCB1AFB9204008FA782 /* Build configuration list for PBXProject "KhipuClientIOS" */ = {
			isa = XCConfigurationList;
			buildConfigurations = (
				607FACED1AFB9204008FA782 /* Debug */,
				607FACEE1AFB9204008FA782 /* Release */,
			);
			defaultConfigurationIsVisible = 0;
			defaultConfigurationName = Release;
		};
		607FACEF1AFB9204008FA782 /* Build configuration list for PBXNativeTarget "KhipuClientIOS_Example" */ = {
			isa = XCConfigurationList;
			buildConfigurations = (
				607FACF01AFB9204008FA782 /* Debug */,
				607FACF11AFB9204008FA782 /* Release */,
			);
			defaultConfigurationIsVisible = 0;
			defaultConfigurationName = Release;
		};
		607FACF21AFB9204008FA782 /* Build configuration list for PBXNativeTarget "KhipuClientIOS_Tests" */ = {
			isa = XCConfigurationList;
			buildConfigurations = (
				607FACF31AFB9204008FA782 /* Debug */,
				607FACF41AFB9204008FA782 /* Release */,
			);
			defaultConfigurationIsVisible = 0;
			defaultConfigurationName = Release;
		};
/* End XCConfigurationList section */
	};
	rootObject = 607FACC81AFB9204008FA782 /* Project object */;
}
